
Microsoft Visual Studio Solution File, Format Version 12.00
# Visual Studio 14
VisualStudioVersion = 14.0.25420.1
MinimumVisualStudioVersion = 10.0.40219.1
Project("{2150E333-8FDC-42A3-9474-1A3956D46DE8}") = "src", "src", "{EA196308-7FE8-496E-A50F-D7507CF49ABE}"
EndProject
Project("{2150E333-8FDC-42A3-9474-1A3956D46DE8}") = "Solution Items", "Solution Items", "{8E176F9E-168D-4A29-8609-6B0961671E17}"
	ProjectSection(SolutionItems) = preProject
		global.json = global.json
	EndProjectSection
EndProject
Project("{8BB2217D-0F2D-49D1-97BC-3654ED321F3B}") = "TestProject", "src\TestProject\TestProject.xproj", "{B2C69BCE-5C0C-4273-A5E8-732E984D1CC8}"
EndProject
Global
	GlobalSection(SolutionConfigurationPlatforms) = preSolution
		Debug|Any CPU = Debug|Any CPU
		Release|Any CPU = Release|Any CPU
	EndGlobalSection
	GlobalSection(ProjectConfigurationPlatforms) = postSolution
		{B2C69BCE-5C0C-4273-A5E8-732E984D1CC8}.Debug|Any CPU.ActiveCfg = Debug|Any CPU
		{B2C69BCE-5C0C-4273-A5E8-732E984D1CC8}.Debug|Any CPU.Build.0 = Debug|Any CPU
		{B2C69BCE-5C0C-4273-A5E8-732E984D1CC8}.Release|Any CPU.ActiveCfg = Release|Any CPU
		{B2C69BCE-5C0C-4273-A5E8-732E984D1CC8}.Release|Any CPU.Build.0 = Release|Any CPU
	EndGlobalSection
	GlobalSection(SolutionProperties) = preSolution
		HideSolutionNode = FALSE
	EndGlobalSection
	GlobalSection(NestedProjects) = preSolution
		{B2C69BCE-5C0C-4273-A5E8-732E984D1CC8} = {EA196308-7FE8-496E-A50F-D7507CF49ABE}
	EndGlobalSection
EndGlobal
